
Microsoft Visual Studio Solution File, Format Version 12.00
# Visual Studio Version 17
VisualStudioVersion = 17.0.32014.148
MinimumVisualStudioVersion = 10.0.40219.1
Project("{9A19103F-16F7-4668-BE54-9A1E7A4F7556}") = "EAF", "HRM-SEM3-PVHung-T2009A\EAF.csproj", "{C77BC4BE-7BBF-4761-BAFF-4D53E9AE5AD8}"
EndProject
Global
	GlobalSection(SolutionConfigurationPlatforms) = preSolution
		Debug|Any CPU = Debug|Any CPU
		Release|Any CPU = Release|Any CPU
	EndGlobalSection
	GlobalSection(ProjectConfigurationPlatforms) = postSolution
		{C77BC4BE-7BBF-4761-BAFF-4D53E9AE5AD8}.Debug|Any CPU.ActiveCfg = Debug|Any CPU
		{C77BC4BE-7BBF-4761-BAFF-4D53E9AE5AD8}.Debug|Any CPU.Build.0 = Debug|Any CPU
		{C77BC4BE-7BBF-4761-BAFF-4D53E9AE5AD8}.Release|Any CPU.ActiveCfg = Release|Any CPU
		{C77BC4BE-7BBF-4761-BAFF-4D53E9AE5AD8}.Release|Any CPU.Build.0 = Release|Any CPU
	EndGlobalSection
	GlobalSection(SolutionProperties) = preSolution
		HideSolutionNode = FALSE
	EndGlobalSection
	GlobalSection(ExtensibilityGlobals) = postSolution
		SolutionGuid = {21D5B59C-254D-4D9A-87DD-D5BC73E52CBD}
	EndGlobalSection
EndGlobal
